
Microsoft Visual Studio Solution File, Format Version 12.00
Project("{FAE04EC0-301F-11D3-BF4B-00C04F79EFBC}") = "DiscordEye.EventsAggregator", "DiscordEye.EventsAggregator\DiscordEye.EventsAggregator.csproj", "{AABB648A-1E9B-494E-A6F4-5F96AC90593E}"
EndProject
Project("{FAE04EC0-301F-11D3-BF4B-00C04F79EFBC}") = "DiscordEye.Shared", "DiscordEye.Shared\DiscordEye.Shared.csproj", "{1CDDCBC5-7654-407F-A6F2-1929B120B1EC}"
EndProject
Project("{FAE04EC0-301F-11D3-BF4B-00C04F79EFBC}") = "DiscordEye.ProxyDistributor", "DiscordEye.ProxyDistributor\DiscordEye.ProxyDistributor.csproj", "{FE5B8439-B2B4-4D2D-B787-271AC37D98C4}"
EndProject
Project("{FAE04EC0-301F-11D3-BF4B-00C04F79EFBC}") = "DiscordEye.Node", "DiscordEye.Node\DiscordEye.Node.csproj", "{5D0A81CB-8860-4383-886E-93C114128935}"
EndProject
Project("{FAE04EC0-301F-11D3-BF4B-00C04F79EFBC}") = "DiscordEye.Infrastructure", "DiscordEye.Infrastructure\DiscordEye.Infrastructure.csproj", "{3D1E51DF-9C67-46D8-844F-F1951886BC55}"
EndProject
Project("{FAE04EC0-301F-11D3-BF4B-00C04F79EFBC}") = "DiscordEye.TokenDistributor", "DiscordEye.TokenDistributor\DiscordEye.TokenDistributor.csproj", "{4161CDFB-687E-4A12-BD3A-CD2860D8734C}"
EndProject
Global
	GlobalSection(SolutionConfigurationPlatforms) = preSolution
		Debug|Any CPU = Debug|Any CPU
		Release|Any CPU = Release|Any CPU
	EndGlobalSection
	GlobalSection(ProjectConfigurationPlatforms) = postSolution
		{AABB648A-1E9B-494E-A6F4-5F96AC90593E}.Debug|Any CPU.ActiveCfg = Debug|Any CPU
		{AABB648A-1E9B-494E-A6F4-5F96AC90593E}.Debug|Any CPU.Build.0 = Debug|Any CPU
		{AABB648A-1E9B-494E-A6F4-5F96AC90593E}.Release|Any CPU.ActiveCfg = Release|Any CPU
		{AABB648A-1E9B-494E-A6F4-5F96AC90593E}.Release|Any CPU.Build.0 = Release|Any CPU
		{1CDDCBC5-7654-407F-A6F2-1929B120B1EC}.Debug|Any CPU.ActiveCfg = Debug|Any CPU
		{1CDDCBC5-7654-407F-A6F2-1929B120B1EC}.Debug|Any CPU.Build.0 = Debug|Any CPU
		{1CDDCBC5-7654-407F-A6F2-1929B120B1EC}.Release|Any CPU.ActiveCfg = Release|Any CPU
		{1CDDCBC5-7654-407F-A6F2-1929B120B1EC}.Release|Any CPU.Build.0 = Release|Any CPU
		{FE5B8439-B2B4-4D2D-B787-271AC37D98C4}.Debug|Any CPU.ActiveCfg = Debug|Any CPU
		{FE5B8439-B2B4-4D2D-B787-271AC37D98C4}.Debug|Any CPU.Build.0 = Debug|Any CPU
		{FE5B8439-B2B4-4D2D-B787-271AC37D98C4}.Release|Any CPU.ActiveCfg = Release|Any CPU
		{FE5B8439-B2B4-4D2D-B787-271AC37D98C4}.Release|Any CPU.Build.0 = Release|Any CPU
		{5D0A81CB-8860-4383-886E-93C114128935}.Debug|Any CPU.ActiveCfg = Debug|Any CPU
		{5D0A81CB-8860-4383-886E-93C114128935}.Debug|Any CPU.Build.0 = Debug|Any CPU
		{5D0A81CB-8860-4383-886E-93C114128935}.Release|Any CPU.ActiveCfg = Release|Any CPU
		{5D0A81CB-8860-4383-886E-93C114128935}.Release|Any CPU.Build.0 = Release|Any CPU
		{3D1E51DF-9C67-46D8-844F-F1951886BC55}.Debug|Any CPU.ActiveCfg = Debug|Any CPU
		{3D1E51DF-9C67-46D8-844F-F1951886BC55}.Debug|Any CPU.Build.0 = Debug|Any CPU
		{3D1E51DF-9C67-46D8-844F-F1951886BC55}.Release|Any CPU.ActiveCfg = Release|Any CPU
		{3D1E51DF-9C67-46D8-844F-F1951886BC55}.Release|Any CPU.Build.0 = Release|Any CPU
		{4161CDFB-687E-4A12-BD3A-CD2860D8734C}.Debug|Any CPU.ActiveCfg = Debug|Any CPU
		{4161CDFB-687E-4A12-BD3A-CD2860D8734C}.Debug|Any CPU.Build.0 = Debug|Any CPU
		{4161CDFB-687E-4A12-BD3A-CD2860D8734C}.Release|Any CPU.ActiveCfg = Release|Any CPU
		{4161CDFB-687E-4A12-BD3A-CD2860D8734C}.Release|Any CPU.Build.0 = Release|Any CPU
	EndGlobalSection
EndGlobal
